
Microsoft Visual Studio Solution File, Format Version 12.00
# Visual Studio Version 17
VisualStudioVersion = 17.0.31825.309
MinimumVisualStudioVersion = 10.0.40219.1
Project("{9A19103F-16F7-4668-BE54-9A1E7A4F7556}") = "WorldOfAdventures.API", "src\WorldOfAdventures.API\WorldOfAdventures.API.csproj", "{EEAEF945-4686-4A9D-B3A5-DB5144A2E71D}"
EndProject
Project("{9A19103F-16F7-4668-BE54-9A1E7A4F7556}") = "WorldOfAdventures.Tests", "tests\WorldOfAdvantures.Tests\WorldOfAdventures.Tests.csproj", "{30D9D4BF-A293-488A-8BBD-F8F57284A9DA}"
EndProject
Project("{9A19103F-16F7-4668-BE54-9A1E7A4F7556}") = "WorldOfAdventures.Models", "src\WorldOfAdventures.Models\WorldOfAdventures.Models.csproj", "{E313C69C-2E76-489C-917F-263EB8EC2453}"
EndProject
Project("{9A19103F-16F7-4668-BE54-9A1E7A4F7556}") = "WorldOfAdventures.DAL", "src\WorldOfAdventures.DAL\WorldOfAdventures.DAL.csproj", "{FB16E690-1CAF-419D-BCF5-19B2F9174C57}"
EndProject
Project("{9A19103F-16F7-4668-BE54-9A1E7A4F7556}") = "WorldOfAdventures.BusinessLogic", "src\WorldOfAdventures.BusinessLogic\WorldOfAdventures.BusinessLogic.csproj", "{62D1D1FA-D9E7-4A49-BD51-1551DEF6D646}"
EndProject
Project("{E53339B2-1760-4266-BCC7-CA923CBCF16C}") = "docker-compose", "docker-compose.dcproj", "{110DBB4D-3C73-4DCD-8FB2-031D393EAB4F}"
EndProject
Global
	GlobalSection(SolutionConfigurationPlatforms) = preSolution
		Debug|Any CPU = Debug|Any CPU
		Release|Any CPU = Release|Any CPU
	EndGlobalSection
	GlobalSection(ProjectConfigurationPlatforms) = postSolution
		{EEAEF945-4686-4A9D-B3A5-DB5144A2E71D}.Debug|Any CPU.ActiveCfg = Debug|Any CPU
		{EEAEF945-4686-4A9D-B3A5-DB5144A2E71D}.Debug|Any CPU.Build.0 = Debug|Any CPU
		{EEAEF945-4686-4A9D-B3A5-DB5144A2E71D}.Release|Any CPU.ActiveCfg = Release|Any CPU
		{EEAEF945-4686-4A9D-B3A5-DB5144A2E71D}.Release|Any CPU.Build.0 = Release|Any CPU
		{30D9D4BF-A293-488A-8BBD-F8F57284A9DA}.Debug|Any CPU.ActiveCfg = Debug|Any CPU
		{30D9D4BF-A293-488A-8BBD-F8F57284A9DA}.Debug|Any CPU.Build.0 = Debug|Any CPU
		{30D9D4BF-A293-488A-8BBD-F8F57284A9DA}.Release|Any CPU.ActiveCfg = Release|Any CPU
		{30D9D4BF-A293-488A-8BBD-F8F57284A9DA}.Release|Any CPU.Build.0 = Release|Any CPU
		{E313C69C-2E76-489C-917F-263EB8EC2453}.Debug|Any CPU.ActiveCfg = Debug|Any CPU
		{E313C69C-2E76-489C-917F-263EB8EC2453}.Debug|Any CPU.Build.0 = Debug|Any CPU
		{E313C69C-2E76-489C-917F-263EB8EC2453}.Release|Any CPU.ActiveCfg = Release|Any CPU
		{E313C69C-2E76-489C-917F-263EB8EC2453}.Release|Any CPU.Build.0 = Release|Any CPU
		{FB16E690-1CAF-419D-BCF5-19B2F9174C57}.Debug|Any CPU.ActiveCfg = Debug|Any CPU
		{FB16E690-1CAF-419D-BCF5-19B2F9174C57}.Debug|Any CPU.Build.0 = Debug|Any CPU
		{FB16E690-1CAF-419D-BCF5-19B2F9174C57}.Release|Any CPU.ActiveCfg = Release|Any CPU
		{FB16E690-1CAF-419D-BCF5-19B2F9174C57}.Release|Any CPU.Build.0 = Release|Any CPU
		{62D1D1FA-D9E7-4A49-BD51-1551DEF6D646}.Debug|Any CPU.ActiveCfg = Debug|Any CPU
		{62D1D1FA-D9E7-4A49-BD51-1551DEF6D646}.Debug|Any CPU.Build.0 = Debug|Any CPU
		{62D1D1FA-D9E7-4A49-BD51-1551DEF6D646}.Release|Any CPU.ActiveCfg = Release|Any CPU
		{62D1D1FA-D9E7-4A49-BD51-1551DEF6D646}.Release|Any CPU.Build.0 = Release|Any CPU
		{110DBB4D-3C73-4DCD-8FB2-031D393EAB4F}.Debug|Any CPU.ActiveCfg = Debug|Any CPU
		{110DBB4D-3C73-4DCD-8FB2-031D393EAB4F}.Debug|Any CPU.Build.0 = Debug|Any CPU
		{110DBB4D-3C73-4DCD-8FB2-031D393EAB4F}.Release|Any CPU.ActiveCfg = Release|Any CPU
		{110DBB4D-3C73-4DCD-8FB2-031D393EAB4F}.Release|Any CPU.Build.0 = Release|Any CPU
	EndGlobalSection
	GlobalSection(SolutionProperties) = preSolution
		HideSolutionNode = FALSE
	EndGlobalSection
	GlobalSection(ExtensibilityGlobals) = postSolution
		SolutionGuid = {F8AE2449-6889-42B9-9C1C-FE74908AB2F1}
	EndGlobalSection
EndGlobal
